
Microsoft Visual Studio Solution File, Format Version 12.00
# Visual Studio Version 16
VisualStudioVersion = 16.0.30717.126
MinimumVisualStudioVersion = 10.0.40219.1
Project("{FAE04EC0-301F-11D3-BF4B-00C04F79EFBC}") = "02_RestInASP-NET5Udemy_Calculator", "02_RestInASP-NET5Udemy_Calculator\02_RestInASP-NET5Udemy_Calculator.csproj", "{CCEE77AE-F396-46CC-BF99-C23FEE296E16}"
EndProject
Global
	GlobalSection(SolutionConfigurationPlatforms) = preSolution
		Debug|Any CPU = Debug|Any CPU
		Release|Any CPU = Release|Any CPU
	EndGlobalSection
	GlobalSection(ProjectConfigurationPlatforms) = postSolution
		{CCEE77AE-F396-46CC-BF99-C23FEE296E16}.Debug|Any CPU.ActiveCfg = Debug|Any CPU
		{CCEE77AE-F396-46CC-BF99-C23FEE296E16}.Debug|Any CPU.Build.0 = Debug|Any CPU
		{CCEE77AE-F396-46CC-BF99-C23FEE296E16}.Release|Any CPU.ActiveCfg = Release|Any CPU
		{CCEE77AE-F396-46CC-BF99-C23FEE296E16}.Release|Any CPU.Build.0 = Release|Any CPU
	EndGlobalSection
	GlobalSection(SolutionProperties) = preSolution
		HideSolutionNode = FALSE
	EndGlobalSection
	GlobalSection(ExtensibilityGlobals) = postSolution
		SolutionGuid = {0D7693F6-F31D-4ECE-A67A-CC8D9958C317}
	EndGlobalSection
EndGlobal
